
Microsoft Visual Studio Solution File, Format Version 12.00
# Visual Studio 15
VisualStudioVersion = 15.0.26430.13
MinimumVisualStudioVersion = 10.0.40219.1
Project("{A07B5EB6-E848-4116-A8D0-A826331D98C6}") = "LabTest3", "LabTest3\LabTest3.sfproj", "{68772D98-9C7C-4566-9750-EAC87F68D71E}"
EndProject
Project("{FAE04EC0-301F-11D3-BF4B-00C04F79EFBC}") = "VotingService", "VotingService\VotingService.csproj", "{80ECB18F-EA5F-4AF0-909B-2A431E673907}"
EndProject
Global
	GlobalSection(SolutionConfigurationPlatforms) = preSolution
		Debug|Any CPU = Debug|Any CPU
		Debug|x64 = Debug|x64
		Release|Any CPU = Release|Any CPU
		Release|x64 = Release|x64
	EndGlobalSection
	GlobalSection(ProjectConfigurationPlatforms) = postSolution
		{68772D98-9C7C-4566-9750-EAC87F68D71E}.Debug|Any CPU.ActiveCfg = Debug|x64
		{68772D98-9C7C-4566-9750-EAC87F68D71E}.Debug|x64.ActiveCfg = Debug|x64
		{68772D98-9C7C-4566-9750-EAC87F68D71E}.Debug|x64.Build.0 = Debug|x64
		{68772D98-9C7C-4566-9750-EAC87F68D71E}.Debug|x64.Deploy.0 = Debug|x64
		{68772D98-9C7C-4566-9750-EAC87F68D71E}.Release|Any CPU.ActiveCfg = Release|x64
		{68772D98-9C7C-4566-9750-EAC87F68D71E}.Release|x64.ActiveCfg = Release|x64
		{68772D98-9C7C-4566-9750-EAC87F68D71E}.Release|x64.Build.0 = Release|x64
		{68772D98-9C7C-4566-9750-EAC87F68D71E}.Release|x64.Deploy.0 = Release|x64
		{80ECB18F-EA5F-4AF0-909B-2A431E673907}.Debug|Any CPU.ActiveCfg = Debug|Any CPU
		{80ECB18F-EA5F-4AF0-909B-2A431E673907}.Debug|Any CPU.Build.0 = Debug|Any CPU
		{80ECB18F-EA5F-4AF0-909B-2A431E673907}.Debug|x64.ActiveCfg = Debug|Any CPU
		{80ECB18F-EA5F-4AF0-909B-2A431E673907}.Debug|x64.Build.0 = Debug|Any CPU
		{80ECB18F-EA5F-4AF0-909B-2A431E673907}.Release|Any CPU.ActiveCfg = Release|Any CPU
		{80ECB18F-EA5F-4AF0-909B-2A431E673907}.Release|Any CPU.Build.0 = Release|Any CPU
		{80ECB18F-EA5F-4AF0-909B-2A431E673907}.Release|x64.ActiveCfg = Release|Any CPU
		{80ECB18F-EA5F-4AF0-909B-2A431E673907}.Release|x64.Build.0 = Release|Any CPU
	EndGlobalSection
	GlobalSection(SolutionProperties) = preSolution
		HideSolutionNode = FALSE
	EndGlobalSection
EndGlobal
